// !$*UTF8*$!
{
	archiveVersion = 1;
	classes = {
	};
	objectVersion = 46;
	objects = {

/* Begin PBXBuildFile section */
		1F3B21671C8E3A1C00D9D2F6 /* AppDelegate.swift in Sources */ = {isa = PBXBuildFile; fileRef = 1F3B21661C8E3A1C00D9D2F6 /* AppDelegate.swift */; };
		1F3B21691C8E3A1C00D9D2F6 /* FirstViewController.swift in Sources */ = {isa = PBXBuildFile; fileRef = 1F3B21681C8E3A1C00D9D2F6 /* FirstViewController.swift */; };
		1F3B216B1C8E3A1C00D9D2F6 /* SecondViewController.swift in Sources */ = {isa = PBXBuildFile; fileRef = 1F3B216A1C8E3A1C00D9D2F6 /* SecondViewController.swift */; };
		1F3B216E1C8E3A1C00D9D2F6 /* Main.storyboard in Resources */ = {isa = PBXBuildFile; fileRef = 1F3B216C1C8E3A1C00D9D2F6 /* Main.storyboard */; };
		1F3B21701C8E3A1C00D9D2F6 /* Assets.xcassets in Resources */ = {isa = PBXBuildFile; fileRef = 1F3B216F1C8E3A1C00D9D2F6 /* Assets.xcassets */; };
		1F3B21731C8E3A1C00D9D2F6 /* LaunchScreen.storyboard in Resources */ = {isa = PBXBuildFile; fileRef = 1F3B21711C8E3A1C00D9D2F6 /* LaunchScreen.storyboard */; };
		1F3B217E1C8E3A1C00D9D2F6 /* APODServiceTests.swift in Sources */ = {isa = PBXBuildFile; fileRef = 1F3B217D1C8E3A1C00D9D2F6 /* APODServiceTests.swift */; };
		1F3B218A1C8E406A00D9D2F6 /* APODService.swift in Sources */ = {isa = PBXBuildFile; fileRef = 1F3B21891C8E406A00D9D2F6 /* APODService.swift */; };
		1FB4C0691C8E4B2400D4FF08 /* APODRouteTests.swift in Sources */ = {isa = PBXBuildFile; fileRef = 1FB4C0681C8E4B2400D4FF08 /* APODRouteTests.swift */; };
		1FB4C06B1C8E4B5900D4FF08 /* APODRoute.swift in Sources */ = {isa = PBXBuildFile; fileRef = 1FB4C06A1C8E4B5900D4FF08 /* APODRoute.swift */; };
		1FB4C06D1C8E4D8C00D4FF08 /* Photo.swift in Sources */ = {isa = PBXBuildFile; fileRef = 1FB4C06C1C8E4D8C00D4FF08 /* Photo.swift */; };
		1FB4C0721C8E543100D4FF08 /* PhotoTests.swift in Sources */ = {isa = PBXBuildFile; fileRef = 1FB4C0711C8E543100D4FF08 /* PhotoTests.swift */; };
		1FB4C0741C8F6F6D00D4FF08 /* PhotoViewModelTests.swift in Sources */ = {isa = PBXBuildFile; fileRef = 1FB4C0731C8F6F6D00D4FF08 /* PhotoViewModelTests.swift */; };
		1FB4C0761C8F6FC700D4FF08 /* PhotoViewModel.swift in Sources */ = {isa = PBXBuildFile; fileRef = 1FB4C0751C8F6FC700D4FF08 /* PhotoViewModel.swift */; };
		8D0547A67D62FBB06194D2BC /* Pods.framework in Frameworks */ = {isa = PBXBuildFile; fileRef = BE63D15C2A7031D982C3FDD9 /* Pods.framework */; };
/* End PBXBuildFile section */

/* Begin PBXContainerItemProxy section */
		1F3B217A1C8E3A1C00D9D2F6 /* PBXContainerItemProxy */ = {
			isa = PBXContainerItemProxy;
			containerPortal = 1F3B215B1C8E3A1C00D9D2F6 /* Project object */;
			proxyType = 1;
			remoteGlobalIDString = 1F3B21621C8E3A1C00D9D2F6;
			remoteInfo = APOD;
		};
/* End PBXContainerItemProxy section */

/* Begin PBXFileReference section */
		1F3B21631C8E3A1C00D9D2F6 /* APOD.app */ = {isa = PBXFileReference; explicitFileType = wrapper.application; includeInIndex = 0; path = APOD.app; sourceTree = BUILT_PRODUCTS_DIR; };
		1F3B21661C8E3A1C00D9D2F6 /* AppDelegate.swift */ = {isa = PBXFileReference; lastKnownFileType = sourcecode.swift; path = AppDelegate.swift; sourceTree = "<group>"; };
		1F3B21681C8E3A1C00D9D2F6 /* FirstViewController.swift */ = {isa = PBXFileReference; lastKnownFileType = sourcecode.swift; path = FirstViewController.swift; sourceTree = "<group>"; };
		1F3B216A1C8E3A1C00D9D2F6 /* SecondViewController.swift */ = {isa = PBXFileReference; lastKnownFileType = sourcecode.swift; path = SecondViewController.swift; sourceTree = "<group>"; };
		1F3B216D1C8E3A1C00D9D2F6 /* Base */ = {isa = PBXFileReference; lastKnownFileType = file.storyboard; name = Base; path = Base.lproj/Main.storyboard; sourceTree = "<group>"; };
		1F3B216F1C8E3A1C00D9D2F6 /* Assets.xcassets */ = {isa = PBXFileReference; lastKnownFileType = folder.assetcatalog; path = Assets.xcassets; sourceTree = "<group>"; };
		1F3B21721C8E3A1C00D9D2F6 /* Base */ = {isa = PBXFileReference; lastKnownFileType = file.storyboard; name = Base; path = Base.lproj/LaunchScreen.storyboard; sourceTree = "<group>"; };
		1F3B21741C8E3A1C00D9D2F6 /* Info.plist */ = {isa = PBXFileReference; lastKnownFileType = text.plist.xml; path = Info.plist; sourceTree = "<group>"; };
		1F3B21791C8E3A1C00D9D2F6 /* APODTests.xctest */ = {isa = PBXFileReference; explicitFileType = wrapper.cfbundle; includeInIndex = 0; path = APODTests.xctest; sourceTree = BUILT_PRODUCTS_DIR; };
		1F3B217D1C8E3A1C00D9D2F6 /* APODServiceTests.swift */ = {isa = PBXFileReference; lastKnownFileType = sourcecode.swift; path = APODServiceTests.swift; sourceTree = "<group>"; };
		1F3B217F1C8E3A1C00D9D2F6 /* Info.plist */ = {isa = PBXFileReference; lastKnownFileType = text.plist.xml; path = Info.plist; sourceTree = "<group>"; };
		1F3B21891C8E406A00D9D2F6 /* APODService.swift */ = {isa = PBXFileReference; fileEncoding = 4; lastKnownFileType = sourcecode.swift; path = APODService.swift; sourceTree = "<group>"; };
		1FB4C0681C8E4B2400D4FF08 /* APODRouteTests.swift */ = {isa = PBXFileReference; fileEncoding = 4; lastKnownFileType = sourcecode.swift; path = APODRouteTests.swift; sourceTree = "<group>"; };
		1FB4C06A1C8E4B5900D4FF08 /* APODRoute.swift */ = {isa = PBXFileReference; fileEncoding = 4; lastKnownFileType = sourcecode.swift; path = APODRoute.swift; sourceTree = "<group>"; };
		1FB4C06C1C8E4D8C00D4FF08 /* Photo.swift */ = {isa = PBXFileReference; fileEncoding = 4; lastKnownFileType = sourcecode.swift; path = Photo.swift; sourceTree = "<group>"; };
		1FB4C0711C8E543100D4FF08 /* PhotoTests.swift */ = {isa = PBXFileReference; fileEncoding = 4; lastKnownFileType = sourcecode.swift; path = PhotoTests.swift; sourceTree = "<group>"; };
		1FB4C0731C8F6F6D00D4FF08 /* PhotoViewModelTests.swift */ = {isa = PBXFileReference; fileEncoding = 4; lastKnownFileType = sourcecode.swift; name = PhotoViewModelTests.swift; path = APOD/PhotoViewModelTests.swift; sourceTree = "<group>"; };
		1FB4C0751C8F6FC700D4FF08 /* PhotoViewModel.swift */ = {isa = PBXFileReference; fileEncoding = 4; lastKnownFileType = sourcecode.swift; path = PhotoViewModel.swift; sourceTree = "<group>"; };
		724AEA03785E6803401A5F18 /* Pods.debug.xcconfig */ = {isa = PBXFileReference; includeInIndex = 1; lastKnownFileType = text.xcconfig; name = Pods.debug.xcconfig; path = "Pods/Target Support Files/Pods/Pods.debug.xcconfig"; sourceTree = "<group>"; };
		8CF4790C29036275B0B1813C /* Pods.release.xcconfig */ = {isa = PBXFileReference; includeInIndex = 1; lastKnownFileType = text.xcconfig; name = Pods.release.xcconfig; path = "Pods/Target Support Files/Pods/Pods.release.xcconfig"; sourceTree = "<group>"; };
		BE63D15C2A7031D982C3FDD9 /* Pods.framework */ = {isa = PBXFileReference; explicitFileType = wrapper.framework; includeInIndex = 0; path = Pods.framework; sourceTree = BUILT_PRODUCTS_DIR; };
/* End PBXFileReference section */

/* Begin PBXFrameworksBuildPhase section */
		1F3B21601C8E3A1C00D9D2F6 /* Frameworks */ = {
			isa = PBXFrameworksBuildPhase;
			buildActionMask = 2147483647;
			files = (
				8D0547A67D62FBB06194D2BC /* Pods.framework in Frameworks */,
			);
			runOnlyForDeploymentPostprocessing = 0;
		};
		1F3B21761C8E3A1C00D9D2F6 /* Frameworks */ = {
			isa = PBXFrameworksBuildPhase;
			buildActionMask = 2147483647;
			files = (
			);
			runOnlyForDeploymentPostprocessing = 0;
		};
/* End PBXFrameworksBuildPhase section */

/* Begin PBXGroup section */
		1F3B215A1C8E3A1C00D9D2F6 = {
			isa = PBXGroup;
			children = (
				1F3B21651C8E3A1C00D9D2F6 /* APOD */,
				1F3B217C1C8E3A1C00D9D2F6 /* APODTests */,
				1FB4C0731C8F6F6D00D4FF08 /* PhotoViewModelTests.swift */,
				1F3B21641C8E3A1C00D9D2F6 /* Products */,
				26EEC78D4A23E4E94802B49B /* Pods */,
				668CEC4B4A4C70D6C2B805C8 /* Frameworks */,
			);
			sourceTree = "<group>";
		};
		1F3B21641C8E3A1C00D9D2F6 /* Products */ = {
			isa = PBXGroup;
			children = (
				1F3B21631C8E3A1C00D9D2F6 /* APOD.app */,
				1F3B21791C8E3A1C00D9D2F6 /* APODTests.xctest */,
			);
			name = Products;
			sourceTree = "<group>";
		};
		1F3B21651C8E3A1C00D9D2F6 /* APOD */ = {
			isa = PBXGroup;
			children = (
				1FB4C06E1C8E4D9500D4FF08 /* Model */,
				1F3B21881C8E3B6F00D9D2F6 /* API */,
				1F3B21661C8E3A1C00D9D2F6 /* AppDelegate.swift */,
				1FB4C0751C8F6FC700D4FF08 /* PhotoViewModel.swift */,
				1F3B21681C8E3A1C00D9D2F6 /* FirstViewController.swift */,
				1F3B216A1C8E3A1C00D9D2F6 /* SecondViewController.swift */,
				1F3B216C1C8E3A1C00D9D2F6 /* Main.storyboard */,
				1F3B216F1C8E3A1C00D9D2F6 /* Assets.xcassets */,
				1F3B21711C8E3A1C00D9D2F6 /* LaunchScreen.storyboard */,
				1F3B21741C8E3A1C00D9D2F6 /* Info.plist */,
			);
			path = APOD;
			sourceTree = "<group>";
		};
		1F3B217C1C8E3A1C00D9D2F6 /* APODTests */ = {
			isa = PBXGroup;
			children = (
				1FB4C0701C8E542200D4FF08 /* Model */,
				1FB4C06F1C8E541400D4FF08 /* API */,
				1F3B217F1C8E3A1C00D9D2F6 /* Info.plist */,
			);
			path = APODTests;
			sourceTree = "<group>";
		};
		1F3B21881C8E3B6F00D9D2F6 /* API */ = {
			isa = PBXGroup;
			children = (
				1F3B21891C8E406A00D9D2F6 /* APODService.swift */,
				1FB4C06A1C8E4B5900D4FF08 /* APODRoute.swift */,
			);
			name = API;
			sourceTree = "<group>";
		};
		1FB4C06E1C8E4D9500D4FF08 /* Model */ = {
			isa = PBXGroup;
			children = (
				1FB4C06C1C8E4D8C00D4FF08 /* Photo.swift */,
			);
			name = Model;
			sourceTree = "<group>";
		};
		1FB4C06F1C8E541400D4FF08 /* API */ = {
			isa = PBXGroup;
			children = (
				1F3B217D1C8E3A1C00D9D2F6 /* APODServiceTests.swift */,
				1FB4C0681C8E4B2400D4FF08 /* APODRouteTests.swift */,
			);
			name = API;
			sourceTree = "<group>";
		};
		1FB4C0701C8E542200D4FF08 /* Model */ = {
			isa = PBXGroup;
			children = (
				1FB4C0711C8E543100D4FF08 /* PhotoTests.swift */,
			);
			name = Model;
			sourceTree = "<group>";
		};
		26EEC78D4A23E4E94802B49B /* Pods */ = {
			isa = PBXGroup;
			children = (
				724AEA03785E6803401A5F18 /* Pods.debug.xcconfig */,
				8CF4790C29036275B0B1813C /* Pods.release.xcconfig */,
			);
			name = Pods;
			sourceTree = "<group>";
		};
		668CEC4B4A4C70D6C2B805C8 /* Frameworks */ = {
			isa = PBXGroup;
			children = (
				BE63D15C2A7031D982C3FDD9 /* Pods.framework */,
			);
			name = Frameworks;
			sourceTree = "<group>";
		};
/* End PBXGroup section */

/* Begin PBXNativeTarget section */
		1F3B21621C8E3A1C00D9D2F6 /* APOD */ = {
			isa = PBXNativeTarget;
			buildConfigurationList = 1F3B21821C8E3A1C00D9D2F6 /* Build configuration list for PBXNativeTarget "APOD" */;
			buildPhases = (
				A8CAE8AA93FC24956F84DEE6 /* Check Pods Manifest.lock */,
				1F3B215F1C8E3A1C00D9D2F6 /* Sources */,
				1F3B21601C8E3A1C00D9D2F6 /* Frameworks */,
				1F3B21611C8E3A1C00D9D2F6 /* Resources */,
				27AAE18538A11EF7CF4386A1 /* Embed Pods Frameworks */,
				D06D1B100D00453678678270 /* Copy Pods Resources */,
			);
			buildRules = (
			);
			dependencies = (
			);
			name = APOD;
			productName = APOD;
			productReference = 1F3B21631C8E3A1C00D9D2F6 /* APOD.app */;
			productType = "com.apple.product-type.application";
		};
		1F3B21781C8E3A1C00D9D2F6 /* APODTests */ = {
			isa = PBXNativeTarget;
			buildConfigurationList = 1F3B21851C8E3A1C00D9D2F6 /* Build configuration list for PBXNativeTarget "APODTests" */;
			buildPhases = (
				1F3B21751C8E3A1C00D9D2F6 /* Sources */,
				1F3B21761C8E3A1C00D9D2F6 /* Frameworks */,
				1F3B21771C8E3A1C00D9D2F6 /* Resources */,
			);
			buildRules = (
			);
			dependencies = (
				1F3B217B1C8E3A1C00D9D2F6 /* PBXTargetDependency */,
			);
			name = APODTests;
			productName = APODTests;
			productReference = 1F3B21791C8E3A1C00D9D2F6 /* APODTests.xctest */;
			productType = "com.apple.product-type.bundle.unit-test";
		};
/* End PBXNativeTarget section */

/* Begin PBXProject section */
		1F3B215B1C8E3A1C00D9D2F6 /* Project object */ = {
			isa = PBXProject;
			attributes = {
				LastSwiftUpdateCheck = 0730;
				LastUpgradeCheck = 0730;
				ORGANIZATIONNAME = "Tom Burns";
				TargetAttributes = {
					1F3B21621C8E3A1C00D9D2F6 = {
						CreatedOnToolsVersion = 7.3;
					};
					1F3B21781C8E3A1C00D9D2F6 = {
						CreatedOnToolsVersion = 7.3;
						TestTargetID = 1F3B21621C8E3A1C00D9D2F6;
					};
				};
			};
			buildConfigurationList = 1F3B215E1C8E3A1C00D9D2F6 /* Build configuration list for PBXProject "APOD" */;
			compatibilityVersion = "Xcode 3.2";
			developmentRegion = English;
			hasScannedForEncodings = 0;
			knownRegions = (
				en,
				Base,
			);
			mainGroup = 1F3B215A1C8E3A1C00D9D2F6;
			productRefGroup = 1F3B21641C8E3A1C00D9D2F6 /* Products */;
			projectDirPath = "";
			projectRoot = "";
			targets = (
				1F3B21621C8E3A1C00D9D2F6 /* APOD */,
				1F3B21781C8E3A1C00D9D2F6 /* APODTests */,
			);
		};
/* End PBXProject section */

/* Begin PBXResourcesBuildPhase section */
		1F3B21611C8E3A1C00D9D2F6 /* Resources */ = {
			isa = PBXResourcesBuildPhase;
			buildActionMask = 2147483647;
			files = (
				1F3B21731C8E3A1C00D9D2F6 /* LaunchScreen.storyboard in Resources */,
				1F3B21701C8E3A1C00D9D2F6 /* Assets.xcassets in Resources */,
				1F3B216E1C8E3A1C00D9D2F6 /* Main.storyboard in Resources */,
			);
			runOnlyForDeploymentPostprocessing = 0;
		};
		1F3B21771C8E3A1C00D9D2F6 /* Resources */ = {
			isa = PBXResourcesBuildPhase;
			buildActionMask = 2147483647;
			files = (
			);
			runOnlyForDeploymentPostprocessing = 0;
		};
/* End PBXResourcesBuildPhase section */

/* Begin PBXShellScriptBuildPhase section */
		27AAE18538A11EF7CF4386A1 /* Embed Pods Frameworks */ = {
			isa = PBXShellScriptBuildPhase;
			buildActionMask = 2147483647;
			files = (
			);
			inputPaths = (
			);
			name = "Embed Pods Frameworks";
			outputPaths = (
			);
			runOnlyForDeploymentPostprocessing = 0;
			shellPath = /bin/sh;
			shellScript = "\"${SRCROOT}/Pods/Target Support Files/Pods/Pods-frameworks.sh\"\n";
			showEnvVarsInLog = 0;
		};
		A8CAE8AA93FC24956F84DEE6 /* Check Pods Manifest.lock */ = {
			isa = PBXShellScriptBuildPhase;
			buildActionMask = 2147483647;
			files = (
			);
			inputPaths = (
			);
			name = "Check Pods Manifest.lock";
			outputPaths = (
			);
			runOnlyForDeploymentPostprocessing = 0;
			shellPath = /bin/sh;
			shellScript = "diff \"${PODS_ROOT}/../Podfile.lock\" \"${PODS_ROOT}/Manifest.lock\" > /dev/null\nif [[ $? != 0 ]] ; then\n    cat << EOM\nerror: The sandbox is not in sync with the Podfile.lock. Run 'pod install' or update your CocoaPods installation.\nEOM\n    exit 1\nfi\n";
			showEnvVarsInLog = 0;
		};
		D06D1B100D00453678678270 /* Copy Pods Resources */ = {
			isa = PBXShellScriptBuildPhase;
			buildActionMask = 2147483647;
			files = (
			);
			inputPaths = (
			);
			name = "Copy Pods Resources";
			outputPaths = (
			);
			runOnlyForDeploymentPostprocessing = 0;
			shellPath = /bin/sh;
			shellScript = "\"${SRCROOT}/Pods/Target Support Files/Pods/Pods-resources.sh\"\n";
			showEnvVarsInLog = 0;
		};
/* End PBXShellScriptBuildPhase section */

/* Begin PBXSourcesBuildPhase section */
		1F3B215F1C8E3A1C00D9D2F6 /* Sources */ = {
			isa = PBXSourcesBuildPhase;
			buildActionMask = 2147483647;
			files = (
				1FB4C06D1C8E4D8C00D4FF08 /* Photo.swift in Sources */,
				1F3B216B1C8E3A1C00D9D2F6 /* SecondViewController.swift in Sources */,
				1FB4C0761C8F6FC700D4FF08 /* PhotoViewModel.swift in Sources */,
				1F3B218A1C8E406A00D9D2F6 /* APODService.swift in Sources */,
				1F3B21671C8E3A1C00D9D2F6 /* AppDelegate.swift in Sources */,
				1F3B21691C8E3A1C00D9D2F6 /* FirstViewController.swift in Sources */,
				1FB4C06B1C8E4B5900D4FF08 /* APODRoute.swift in Sources */,
			);
			runOnlyForDeploymentPostprocessing = 0;
		};
		1F3B21751C8E3A1C00D9D2F6 /* Sources */ = {
			isa = PBXSourcesBuildPhase;
			buildActionMask = 2147483647;
			files = (
				1FB4C0721C8E543100D4FF08 /* PhotoTests.swift in Sources */,
				1FB4C0741C8F6F6D00D4FF08 /* PhotoViewModelTests.swift in Sources */,
				1F3B217E1C8E3A1C00D9D2F6 /* APODServiceTests.swift in Sources */,
				1FB4C0691C8E4B2400D4FF08 /* APODRouteTests.swift in Sources */,
			);
			runOnlyForDeploymentPostprocessing = 0;
		};
/* End PBXSourcesBuildPhase section */

/* Begin PBXTargetDependency section */
		1F3B217B1C8E3A1C00D9D2F6 /* PBXTargetDependency */ = {
			isa = PBXTargetDependency;
			target = 1F3B21621C8E3A1C00D9D2F6 /* APOD */;
			targetProxy = 1F3B217A1C8E3A1C00D9D2F6 /* PBXContainerItemProxy */;
		};
/* End PBXTargetDependency section */

/* Begin PBXVariantGroup section */
		1F3B216C1C8E3A1C00D9D2F6 /* Main.storyboard */ = {
			isa = PBXVariantGroup;
			children = (
				1F3B216D1C8E3A1C00D9D2F6 /* Base */,
			);
			name = Main.storyboard;
			sourceTree = "<group>";
		};
		1F3B21711C8E3A1C00D9D2F6 /* LaunchScreen.storyboard */ = {
			isa = PBXVariantGroup;
			children = (
				1F3B21721C8E3A1C00D9D2F6 /* Base */,
			);
			name = LaunchScreen.storyboard;
			sourceTree = "<group>";
		};
/* End PBXVariantGroup section */

/* Begin XCBuildConfiguration section */
		1F3B21801C8E3A1C00D9D2F6 /* Debug */ = {
			isa = XCBuildConfiguration;
			buildSettings = {
				ALWAYS_SEARCH_USER_PATHS = NO;
				CLANG_ANALYZER_NONNULL = YES;
				CLANG_CXX_LANGUAGE_STANDARD = "gnu++0x";
				CLANG_CXX_LIBRARY = "libc++";
				CLANG_ENABLE_MODULES = YES;
				CLANG_ENABLE_OBJC_ARC = YES;
				CLANG_WARN_BOOL_CONVERSION = YES;
				CLANG_WARN_CONSTANT_CONVERSION = YES;
				CLANG_WARN_DIRECT_OBJC_ISA_USAGE = YES_ERROR;
				CLANG_WARN_EMPTY_BODY = YES;
				CLANG_WARN_ENUM_CONVERSION = YES;
				CLANG_WARN_INT_CONVERSION = YES;
				CLANG_WARN_OBJC_ROOT_CLASS = YES_ERROR;
				CLANG_WARN_UNREACHABLE_CODE = YES;
				CLANG_WARN__DUPLICATE_METHOD_MATCH = YES;
				"CODE_SIGN_IDENTITY[sdk=iphoneos*]" = "iPhone Developer";
				COPY_PHASE_STRIP = NO;
				DEBUG_INFORMATION_FORMAT = dwarf;
				ENABLE_STRICT_OBJC_MSGSEND = YES;
				ENABLE_TESTABILITY = YES;
				GCC_C_LANGUAGE_STANDARD = gnu99;
				GCC_DYNAMIC_NO_PIC = NO;
				GCC_NO_COMMON_BLOCKS = YES;
				GCC_OPTIMIZATION_LEVEL = 0;
				GCC_PREPROCESSOR_DEFINITIONS = (
					"DEBUG=1",
					"$(inherited)",
				);
				GCC_WARN_64_TO_32_BIT_CONVERSION = YES;
				GCC_WARN_ABOUT_RETURN_TYPE = YES_ERROR;
				GCC_WARN_UNDECLARED_SELECTOR = YES;
				GCC_WARN_UNINITIALIZED_AUTOS = YES_AGGRESSIVE;
				GCC_WARN_UNUSED_FUNCTION = YES;
				GCC_WARN_UNUSED_VARIABLE = YES;
				IPHONEOS_DEPLOYMENT_TARGET = 9.2;
				MTL_ENABLE_DEBUG_INFO = YES;
				ONLY_ACTIVE_ARCH = YES;
				SDKROOT = iphoneos;
				SWIFT_OPTIMIZATION_LEVEL = "-Onone";
				TARGETED_DEVICE_FAMILY = "1,2";
			};
			name = Debug;
		};
		1F3B21811C8E3A1C00D9D2F6 /* Release */ = {
			isa = XCBuildConfiguration;
			buildSettings = {
				ALWAYS_SEARCH_USER_PATHS = NO;
				CLANG_ANALYZER_NONNULL = YES;
				CLANG_CXX_LANGUAGE_STANDARD = "gnu++0x";
				CLANG_CXX_LIBRARY = "libc++";
				CLANG_ENABLE_MODULES = YES;
				CLANG_ENABLE_OBJC_ARC = YES;
				CLANG_WARN_BOOL_CONVERSION = YES;
				CLANG_WARN_CONSTANT_CONVERSION = YES;
				CLANG_WARN_DIRECT_OBJC_ISA_USAGE = YES_ERROR;
				CLANG_WARN_EMPTY_BODY = YES;
				CLANG_WARN_ENUM_CONVERSION = YES;
				CLANG_WARN_INT_CONVERSION = YES;
				CLANG_WARN_OBJC_ROOT_CLASS = YES_ERROR;
				CLANG_WARN_UNREACHABLE_CODE = YES;
				CLANG_WARN__DUPLICATE_METHOD_MATCH = YES;
				"CODE_SIGN_IDENTITY[sdk=iphoneos*]" = "iPhone Developer";
				COPY_PHASE_STRIP = NO;
				DEBUG_INFORMATION_FORMAT = "dwarf-with-dsym";
				ENABLE_NS_ASSERTIONS = NO;
				ENABLE_STRICT_OBJC_MSGSEND = YES;
				GCC_C_LANGUAGE_STANDARD = gnu99;
				GCC_NO_COMMON_BLOCKS = YES;
				GCC_WARN_64_TO_32_BIT_CONVERSION = YES;
				GCC_WARN_ABOUT_RETURN_TYPE = YES_ERROR;
				GCC_WARN_UNDECLARED_SELECTOR = YES;
				GCC_WARN_UNINITIALIZED_AUTOS = YES_AGGRESSIVE;
				GCC_WARN_UNUSED_FUNCTION = YES;
				GCC_WARN_UNUSED_VARIABLE = YES;
				IPHONEOS_DEPLOYMENT_TARGET = 9.2;
				MTL_ENABLE_DEBUG_INFO = NO;
				SDKROOT = iphoneos;
				TARGETED_DEVICE_FAMILY = "1,2";
				VALIDATE_PRODUCT = YES;
			};
			name = Release;
		};
		1F3B21831C8E3A1C00D9D2F6 /* Debug */ = {
			isa = XCBuildConfiguration;
			baseConfigurationReference = 724AEA03785E6803401A5F18 /* Pods.debug.xcconfig */;
			buildSettings = {
				ASSETCATALOG_COMPILER_APPICON_NAME = AppIcon;
				INFOPLIST_FILE = APOD/Info.plist;
				IPHONEOS_DEPLOYMENT_TARGET = 9.2;
				LD_RUNPATH_SEARCH_PATHS = "$(inherited) @executable_path/Frameworks";
				PRODUCT_BUNDLE_IDENTIFIER = net.tomburns.APOD;
				PRODUCT_NAME = "$(TARGET_NAME)";
			};
			name = Debug;
		};
		1F3B21841C8E3A1C00D9D2F6 /* Release */ = {
			isa = XCBuildConfiguration;
			baseConfigurationReference = 8CF4790C29036275B0B1813C /* Pods.release.xcconfig */;
			buildSettings = {
				ASSETCATALOG_COMPILER_APPICON_NAME = AppIcon;
				INFOPLIST_FILE = APOD/Info.plist;
				IPHONEOS_DEPLOYMENT_TARGET = 9.2;
				LD_RUNPATH_SEARCH_PATHS = "$(inherited) @executable_path/Frameworks";
				PRODUCT_BUNDLE_IDENTIFIER = net.tomburns.APOD;
				PRODUCT_NAME = "$(TARGET_NAME)";
			};
			name = Release;
		};
		1F3B21861C8E3A1C00D9D2F6 /* Debug */ = {
			isa = XCBuildConfiguration;
			buildSettings = {
				BUNDLE_LOADER = "$(TEST_HOST)";
				INFOPLIST_FILE = APODTests/Info.plist;
				IPHONEOS_DEPLOYMENT_TARGET = 9.2;
				LD_RUNPATH_SEARCH_PATHS = "$(inherited) @executable_path/Frameworks @loader_path/Frameworks";
				PRODUCT_BUNDLE_IDENTIFIER = net.tomburns.APODTests;
				PRODUCT_NAME = "$(TARGET_NAME)";
				TEST_HOST = "$(BUILT_PRODUCTS_DIR)/APOD.app/APOD";
			};
			name = Debug;
		};
		1F3B21871C8E3A1C00D9D2F6 /* Release */ = {
			isa = XCBuildConfiguration;
			buildSettings = {
				BUNDLE_LOADER = "$(TEST_HOST)";
				INFOPLIST_FILE = APODTests/Info.plist;
				IPHONEOS_DEPLOYMENT_TARGET = 9.2;
				LD_RUNPATH_SEARCH_PATHS = "$(inherited) @executable_path/Frameworks @loader_path/Frameworks";
				PRODUCT_BUNDLE_IDENTIFIER = net.tomburns.APODTests;
				PRODUCT_NAME = "$(TARGET_NAME)";
				TEST_HOST = "$(BUILT_PRODUCTS_DIR)/APOD.app/APOD";
			};
			name = Release;
		};
/* End XCBuildConfiguration section */

/* Begin XCConfigurationList section */
		1F3B215E1C8E3A1C00D9D2F6 /* Build configuration list for PBXProject "APOD" */ = {
			isa = XCConfigurationList;
			buildConfigurations = (
				1F3B21801C8E3A1C00D9D2F6 /* Debug */,
				1F3B21811C8E3A1C00D9D2F6 /* Release */,
			);
			defaultConfigurationIsVisible = 0;
			defaultConfigurationName = Release;
		};
		1F3B21821C8E3A1C00D9D2F6 /* Build configuration list for PBXNativeTarget "APOD" */ = {
			isa = XCConfigurationList;
			buildConfigurations = (
				1F3B21831C8E3A1C00D9D2F6 /* Debug */,
				1F3B21841C8E3A1C00D9D2F6 /* Release */,
			);
			defaultConfigurationIsVisible = 0;
			defaultConfigurationName = Release;
		};
		1F3B21851C8E3A1C00D9D2F6 /* Build configuration list for PBXNativeTarget "APODTests" */ = {
			isa = XCConfigurationList;
			buildConfigurations = (
				1F3B21861C8E3A1C00D9D2F6 /* Debug */,
				1F3B21871C8E3A1C00D9D2F6 /* Release */,
			);
			defaultConfigurationIsVisible = 0;
			defaultConfigurationName = Release;
		};
/* End XCConfigurationList section */
	};
	rootObject = 1F3B215B1C8E3A1C00D9D2F6 /* Project object */;
}
